
Microsoft Visual Studio Solution File, Format Version 12.00
# Visual Studio 15
VisualStudioVersion = 15.0.28010.2026
MinimumVisualStudioVersion = 10.0.40219.1
Project("{FAE04EC0-301F-11D3-BF4B-00C04F79EFBC}") = "ServiceStackWebApp", "Projects\ServiceStackWebApp\ServiceStackWebApp\ServiceStackWebApp.csproj", "{4389B305-B381-4B50-B1A8-BBB5259A0524}"
EndProject
Project("{9A19103F-16F7-4668-BE54-9A1E7A4F7556}") = "ServiceStackWebApp.ServiceModel", "Projects\ServiceStackWebApp\ServiceStackWebApp.ServiceModel\ServiceStackWebApp.ServiceModel.csproj", "{53E82AC1-DD1D-4C66-B55F-F9F4ACFB2F40}"
EndProject
Project("{FAE04EC0-301F-11D3-BF4B-00C04F79EFBC}") = "ServiceStackWebApp.ServiceInterface", "Projects\ServiceStackWebApp\ServiceStackWebApp.ServiceInterface\ServiceStackWebApp.ServiceInterface.csproj", "{801A0F89-D5F6-49A6-BCEA-6624388C98A4}"
EndProject
Project("{FAE04EC0-301F-11D3-BF4B-00C04F79EFBC}") = "ServiceStackWebApp.Tests", "Projects\ServiceStackWebApp\ServiceStackWebApp.Tests\ServiceStackWebApp.Tests.csproj", "{D22B5797-9F2A-4BA7-9636-6EFCE62EBE00}"
EndProject
Project("{2150E333-8FDC-42A3-9474-1A3956D46DE8}") = "ServiceStack", "ServiceStack", "{06D61B1A-A4DF-434C-AA9F-F161DEA3168C}"
EndProject
Project("{FAE04EC0-301F-11D3-BF4B-00C04F79EFBC}") = "DesktopClient", "Projects\DesktopClient\DesktopClient.csproj", "{BF29B1B0-7BB0-4E80-9782-F59396C10B97}"
EndProject
Project("{2150E333-8FDC-42A3-9474-1A3956D46DE8}") = "ServiceStackCore", "ServiceStackCore", "{EA8A299C-AE12-4283-AA34-E0D74F684130}"
EndProject
Project("{9A19103F-16F7-4668-BE54-9A1E7A4F7556}") = "ServiceStackCoreApp", "Projects\ServiceStackCoreApp\ServiceStackCoreApp\ServiceStackCoreApp.csproj", "{B22B0A6B-29DC-4C15-BA14-E8900F509748}"
EndProject
Project("{9A19103F-16F7-4668-BE54-9A1E7A4F7556}") = "ServiceStackCoreApp.ServiceInterface", "Projects\ServiceStackCoreApp\ServiceStackCoreApp.ServiceInterface\ServiceStackCoreApp.ServiceInterface.csproj", "{566025C3-39EB-401D-959E-1D6B21934738}"
EndProject
Project("{9A19103F-16F7-4668-BE54-9A1E7A4F7556}") = "ServiceStackCoreApp.ServiceModel", "Projects\ServiceStackCoreApp\ServiceStackCoreApp.ServiceModel\ServiceStackCoreApp.ServiceModel.csproj", "{8CB61723-DA87-439E-BFA0-CD1928CD8260}"
EndProject
Project("{9A19103F-16F7-4668-BE54-9A1E7A4F7556}") = "ServiceStackCoreApp.Tests", "Projects\ServiceStackCoreApp\ServiceStackCoreApp.Tests\ServiceStackCoreApp.Tests.csproj", "{8A33CFD1-55A9-4028-8EFD-51B0A70F966B}"
EndProject
Global
	GlobalSection(SolutionConfigurationPlatforms) = preSolution
		Debug|Any CPU = Debug|Any CPU
		Debug|ARM = Debug|ARM
		Debug|x64 = Debug|x64
		Debug|x86 = Debug|x86
		Release|Any CPU = Release|Any CPU
		Release|ARM = Release|ARM
		Release|x64 = Release|x64
		Release|x86 = Release|x86
	EndGlobalSection
	GlobalSection(ProjectConfigurationPlatforms) = postSolution
		{4389B305-B381-4B50-B1A8-BBB5259A0524}.Debug|Any CPU.ActiveCfg = Debug|Any CPU
		{4389B305-B381-4B50-B1A8-BBB5259A0524}.Debug|Any CPU.Build.0 = Debug|Any CPU
		{4389B305-B381-4B50-B1A8-BBB5259A0524}.Debug|ARM.ActiveCfg = Debug|Any CPU
		{4389B305-B381-4B50-B1A8-BBB5259A0524}.Debug|ARM.Build.0 = Debug|Any CPU
		{4389B305-B381-4B50-B1A8-BBB5259A0524}.Debug|x64.ActiveCfg = Debug|Any CPU
		{4389B305-B381-4B50-B1A8-BBB5259A0524}.Debug|x64.Build.0 = Debug|Any CPU
		{4389B305-B381-4B50-B1A8-BBB5259A0524}.Debug|x86.ActiveCfg = Debug|Any CPU
		{4389B305-B381-4B50-B1A8-BBB5259A0524}.Debug|x86.Build.0 = Debug|Any CPU
		{4389B305-B381-4B50-B1A8-BBB5259A0524}.Release|Any CPU.ActiveCfg = Release|Any CPU
		{4389B305-B381-4B50-B1A8-BBB5259A0524}.Release|Any CPU.Build.0 = Release|Any CPU
		{4389B305-B381-4B50-B1A8-BBB5259A0524}.Release|ARM.ActiveCfg = Release|Any CPU
		{4389B305-B381-4B50-B1A8-BBB5259A0524}.Release|ARM.Build.0 = Release|Any CPU
		{4389B305-B381-4B50-B1A8-BBB5259A0524}.Release|x64.ActiveCfg = Release|Any CPU
		{4389B305-B381-4B50-B1A8-BBB5259A0524}.Release|x64.Build.0 = Release|Any CPU
		{4389B305-B381-4B50-B1A8-BBB5259A0524}.Release|x86.ActiveCfg = Release|Any CPU
		{4389B305-B381-4B50-B1A8-BBB5259A0524}.Release|x86.Build.0 = Release|Any CPU
		{53E82AC1-DD1D-4C66-B55F-F9F4ACFB2F40}.Debug|Any CPU.ActiveCfg = Debug|Any CPU
		{53E82AC1-DD1D-4C66-B55F-F9F4ACFB2F40}.Debug|Any CPU.Build.0 = Debug|Any CPU
		{53E82AC1-DD1D-4C66-B55F-F9F4ACFB2F40}.Debug|ARM.ActiveCfg = Debug|Any CPU
		{53E82AC1-DD1D-4C66-B55F-F9F4ACFB2F40}.Debug|ARM.Build.0 = Debug|Any CPU
		{53E82AC1-DD1D-4C66-B55F-F9F4ACFB2F40}.Debug|x64.ActiveCfg = Debug|Any CPU
		{53E82AC1-DD1D-4C66-B55F-F9F4ACFB2F40}.Debug|x64.Build.0 = Debug|Any CPU
		{53E82AC1-DD1D-4C66-B55F-F9F4ACFB2F40}.Debug|x86.ActiveCfg = Debug|Any CPU
		{53E82AC1-DD1D-4C66-B55F-F9F4ACFB2F40}.Debug|x86.Build.0 = Debug|Any CPU
		{53E82AC1-DD1D-4C66-B55F-F9F4ACFB2F40}.Release|Any CPU.ActiveCfg = Release|Any CPU
		{53E82AC1-DD1D-4C66-B55F-F9F4ACFB2F40}.Release|Any CPU.Build.0 = Release|Any CPU
		{53E82AC1-DD1D-4C66-B55F-F9F4ACFB2F40}.Release|ARM.ActiveCfg = Release|Any CPU
		{53E82AC1-DD1D-4C66-B55F-F9F4ACFB2F40}.Release|ARM.Build.0 = Release|Any CPU
		{53E82AC1-DD1D-4C66-B55F-F9F4ACFB2F40}.Release|x64.ActiveCfg = Release|Any CPU
		{53E82AC1-DD1D-4C66-B55F-F9F4ACFB2F40}.Release|x64.Build.0 = Release|Any CPU
		{53E82AC1-DD1D-4C66-B55F-F9F4ACFB2F40}.Release|x86.ActiveCfg = Release|Any CPU
		{53E82AC1-DD1D-4C66-B55F-F9F4ACFB2F40}.Release|x86.Build.0 = Release|Any CPU
		{801A0F89-D5F6-49A6-BCEA-6624388C98A4}.Debug|Any CPU.ActiveCfg = Debug|Any CPU
		{801A0F89-D5F6-49A6-BCEA-6624388C98A4}.Debug|Any CPU.Build.0 = Debug|Any CPU
		{801A0F89-D5F6-49A6-BCEA-6624388C98A4}.Debug|ARM.ActiveCfg = Debug|Any CPU
		{801A0F89-D5F6-49A6-BCEA-6624388C98A4}.Debug|ARM.Build.0 = Debug|Any CPU
		{801A0F89-D5F6-49A6-BCEA-6624388C98A4}.Debug|x64.ActiveCfg = Debug|Any CPU
		{801A0F89-D5F6-49A6-BCEA-6624388C98A4}.Debug|x64.Build.0 = Debug|Any CPU
		{801A0F89-D5F6-49A6-BCEA-6624388C98A4}.Debug|x86.ActiveCfg = Debug|Any CPU
		{801A0F89-D5F6-49A6-BCEA-6624388C98A4}.Debug|x86.Build.0 = Debug|Any CPU
		{801A0F89-D5F6-49A6-BCEA-6624388C98A4}.Release|Any CPU.ActiveCfg = Release|Any CPU
		{801A0F89-D5F6-49A6-BCEA-6624388C98A4}.Release|Any CPU.Build.0 = Release|Any CPU
		{801A0F89-D5F6-49A6-BCEA-6624388C98A4}.Release|ARM.ActiveCfg = Release|Any CPU
		{801A0F89-D5F6-49A6-BCEA-6624388C98A4}.Release|ARM.Build.0 = Release|Any CPU
		{801A0F89-D5F6-49A6-BCEA-6624388C98A4}.Release|x64.ActiveCfg = Release|Any CPU
		{801A0F89-D5F6-49A6-BCEA-6624388C98A4}.Release|x64.Build.0 = Release|Any CPU
		{801A0F89-D5F6-49A6-BCEA-6624388C98A4}.Release|x86.ActiveCfg = Release|Any CPU
		{801A0F89-D5F6-49A6-BCEA-6624388C98A4}.Release|x86.Build.0 = Release|Any CPU
		{D22B5797-9F2A-4BA7-9636-6EFCE62EBE00}.Debug|Any CPU.ActiveCfg = Debug|Any CPU
		{D22B5797-9F2A-4BA7-9636-6EFCE62EBE00}.Debug|Any CPU.Build.0 = Debug|Any CPU
		{D22B5797-9F2A-4BA7-9636-6EFCE62EBE00}.Debug|ARM.ActiveCfg = Debug|Any CPU
		{D22B5797-9F2A-4BA7-9636-6EFCE62EBE00}.Debug|ARM.Build.0 = Debug|Any CPU
		{D22B5797-9F2A-4BA7-9636-6EFCE62EBE00}.Debug|x64.ActiveCfg = Debug|Any CPU
		{D22B5797-9F2A-4BA7-9636-6EFCE62EBE00}.Debug|x64.Build.0 = Debug|Any CPU
		{D22B5797-9F2A-4BA7-9636-6EFCE62EBE00}.Debug|x86.ActiveCfg = Debug|Any CPU
		{D22B5797-9F2A-4BA7-9636-6EFCE62EBE00}.Debug|x86.Build.0 = Debug|Any CPU
		{D22B5797-9F2A-4BA7-9636-6EFCE62EBE00}.Release|Any CPU.ActiveCfg = Release|Any CPU
		{D22B5797-9F2A-4BA7-9636-6EFCE62EBE00}.Release|Any CPU.Build.0 = Release|Any CPU
		{D22B5797-9F2A-4BA7-9636-6EFCE62EBE00}.Release|ARM.ActiveCfg = Release|Any CPU
		{D22B5797-9F2A-4BA7-9636-6EFCE62EBE00}.Release|ARM.Build.0 = Release|Any CPU
		{D22B5797-9F2A-4BA7-9636-6EFCE62EBE00}.Release|x64.ActiveCfg = Release|Any CPU
		{D22B5797-9F2A-4BA7-9636-6EFCE62EBE00}.Release|x64.Build.0 = Release|Any CPU
		{D22B5797-9F2A-4BA7-9636-6EFCE62EBE00}.Release|x86.ActiveCfg = Release|Any CPU
		{D22B5797-9F2A-4BA7-9636-6EFCE62EBE00}.Release|x86.Build.0 = Release|Any CPU
		{BF29B1B0-7BB0-4E80-9782-F59396C10B97}.Debug|Any CPU.ActiveCfg = Debug|x64
		{BF29B1B0-7BB0-4E80-9782-F59396C10B97}.Debug|Any CPU.Build.0 = Debug|x64
		{BF29B1B0-7BB0-4E80-9782-F59396C10B97}.Debug|Any CPU.Deploy.0 = Debug|x64
		{BF29B1B0-7BB0-4E80-9782-F59396C10B97}.Debug|ARM.ActiveCfg = Debug|ARM
		{BF29B1B0-7BB0-4E80-9782-F59396C10B97}.Debug|ARM.Build.0 = Debug|ARM
		{BF29B1B0-7BB0-4E80-9782-F59396C10B97}.Debug|ARM.Deploy.0 = Debug|ARM
		{BF29B1B0-7BB0-4E80-9782-F59396C10B97}.Debug|x64.ActiveCfg = Debug|x64
		{BF29B1B0-7BB0-4E80-9782-F59396C10B97}.Debug|x64.Build.0 = Debug|x64
		{BF29B1B0-7BB0-4E80-9782-F59396C10B97}.Debug|x64.Deploy.0 = Debug|x64
		{BF29B1B0-7BB0-4E80-9782-F59396C10B97}.Debug|x86.ActiveCfg = Debug|x86
		{BF29B1B0-7BB0-4E80-9782-F59396C10B97}.Debug|x86.Build.0 = Debug|x86
		{BF29B1B0-7BB0-4E80-9782-F59396C10B97}.Debug|x86.Deploy.0 = Debug|x86
		{BF29B1B0-7BB0-4E80-9782-F59396C10B97}.Release|Any CPU.ActiveCfg = Release|x86
		{BF29B1B0-7BB0-4E80-9782-F59396C10B97}.Release|ARM.ActiveCfg = Release|ARM
		{BF29B1B0-7BB0-4E80-9782-F59396C10B97}.Release|ARM.Build.0 = Release|ARM
		{BF29B1B0-7BB0-4E80-9782-F59396C10B97}.Release|ARM.Deploy.0 = Release|ARM
		{BF29B1B0-7BB0-4E80-9782-F59396C10B97}.Release|x64.ActiveCfg = Release|x64
		{BF29B1B0-7BB0-4E80-9782-F59396C10B97}.Release|x64.Build.0 = Release|x64
		{BF29B1B0-7BB0-4E80-9782-F59396C10B97}.Release|x64.Deploy.0 = Release|x64
		{BF29B1B0-7BB0-4E80-9782-F59396C10B97}.Release|x86.ActiveCfg = Release|x86
		{BF29B1B0-7BB0-4E80-9782-F59396C10B97}.Release|x86.Build.0 = Release|x86
		{BF29B1B0-7BB0-4E80-9782-F59396C10B97}.Release|x86.Deploy.0 = Release|x86
		{B22B0A6B-29DC-4C15-BA14-E8900F509748}.Debug|Any CPU.ActiveCfg = Debug|Any CPU
		{B22B0A6B-29DC-4C15-BA14-E8900F509748}.Debug|Any CPU.Build.0 = Debug|Any CPU
		{B22B0A6B-29DC-4C15-BA14-E8900F509748}.Debug|ARM.ActiveCfg = Debug|Any CPU
		{B22B0A6B-29DC-4C15-BA14-E8900F509748}.Debug|ARM.Build.0 = Debug|Any CPU
		{B22B0A6B-29DC-4C15-BA14-E8900F509748}.Debug|x64.ActiveCfg = Debug|Any CPU
		{B22B0A6B-29DC-4C15-BA14-E8900F509748}.Debug|x64.Build.0 = Debug|Any CPU
		{B22B0A6B-29DC-4C15-BA14-E8900F509748}.Debug|x86.ActiveCfg = Debug|Any CPU
		{B22B0A6B-29DC-4C15-BA14-E8900F509748}.Debug|x86.Build.0 = Debug|Any CPU
		{B22B0A6B-29DC-4C15-BA14-E8900F509748}.Release|Any CPU.ActiveCfg = Release|Any CPU
		{B22B0A6B-29DC-4C15-BA14-E8900F509748}.Release|Any CPU.Build.0 = Release|Any CPU
		{B22B0A6B-29DC-4C15-BA14-E8900F509748}.Release|ARM.ActiveCfg = Release|Any CPU
		{B22B0A6B-29DC-4C15-BA14-E8900F509748}.Release|ARM.Build.0 = Release|Any CPU
		{B22B0A6B-29DC-4C15-BA14-E8900F509748}.Release|x64.ActiveCfg = Release|Any CPU
		{B22B0A6B-29DC-4C15-BA14-E8900F509748}.Release|x64.Build.0 = Release|Any CPU
		{B22B0A6B-29DC-4C15-BA14-E8900F509748}.Release|x86.ActiveCfg = Release|Any CPU
		{B22B0A6B-29DC-4C15-BA14-E8900F509748}.Release|x86.Build.0 = Release|Any CPU
		{566025C3-39EB-401D-959E-1D6B21934738}.Debug|Any CPU.ActiveCfg = Debug|Any CPU
		{566025C3-39EB-401D-959E-1D6B21934738}.Debug|Any CPU.Build.0 = Debug|Any CPU
		{566025C3-39EB-401D-959E-1D6B21934738}.Debug|ARM.ActiveCfg = Debug|Any CPU
		{566025C3-39EB-401D-959E-1D6B21934738}.Debug|ARM.Build.0 = Debug|Any CPU
		{566025C3-39EB-401D-959E-1D6B21934738}.Debug|x64.ActiveCfg = Debug|Any CPU
		{566025C3-39EB-401D-959E-1D6B21934738}.Debug|x64.Build.0 = Debug|Any CPU
		{566025C3-39EB-401D-959E-1D6B21934738}.Debug|x86.ActiveCfg = Debug|Any CPU
		{566025C3-39EB-401D-959E-1D6B21934738}.Debug|x86.Build.0 = Debug|Any CPU
		{566025C3-39EB-401D-959E-1D6B21934738}.Release|Any CPU.ActiveCfg = Release|Any CPU
		{566025C3-39EB-401D-959E-1D6B21934738}.Release|Any CPU.Build.0 = Release|Any CPU
		{566025C3-39EB-401D-959E-1D6B21934738}.Release|ARM.ActiveCfg = Release|Any CPU
		{566025C3-39EB-401D-959E-1D6B21934738}.Release|ARM.Build.0 = Release|Any CPU
		{566025C3-39EB-401D-959E-1D6B21934738}.Release|x64.ActiveCfg = Release|Any CPU
		{566025C3-39EB-401D-959E-1D6B21934738}.Release|x64.Build.0 = Release|Any CPU
		{566025C3-39EB-401D-959E-1D6B21934738}.Release|x86.ActiveCfg = Release|Any CPU
		{566025C3-39EB-401D-959E-1D6B21934738}.Release|x86.Build.0 = Release|Any CPU
		{8CB61723-DA87-439E-BFA0-CD1928CD8260}.Debug|Any CPU.ActiveCfg = Debug|Any CPU
		{8CB61723-DA87-439E-BFA0-CD1928CD8260}.Debug|Any CPU.Build.0 = Debug|Any CPU
		{8CB61723-DA87-439E-BFA0-CD1928CD8260}.Debug|ARM.ActiveCfg = Debug|Any CPU
		{8CB61723-DA87-439E-BFA0-CD1928CD8260}.Debug|ARM.Build.0 = Debug|Any CPU
		{8CB61723-DA87-439E-BFA0-CD1928CD8260}.Debug|x64.ActiveCfg = Debug|Any CPU
		{8CB61723-DA87-439E-BFA0-CD1928CD8260}.Debug|x64.Build.0 = Debug|Any CPU
		{8CB61723-DA87-439E-BFA0-CD1928CD8260}.Debug|x86.ActiveCfg = Debug|Any CPU
		{8CB61723-DA87-439E-BFA0-CD1928CD8260}.Debug|x86.Build.0 = Debug|Any CPU
		{8CB61723-DA87-439E-BFA0-CD1928CD8260}.Release|Any CPU.ActiveCfg = Release|Any CPU
		{8CB61723-DA87-439E-BFA0-CD1928CD8260}.Release|Any CPU.Build.0 = Release|Any CPU
		{8CB61723-DA87-439E-BFA0-CD1928CD8260}.Release|ARM.ActiveCfg = Release|Any CPU
		{8CB61723-DA87-439E-BFA0-CD1928CD8260}.Release|ARM.Build.0 = Release|Any CPU
		{8CB61723-DA87-439E-BFA0-CD1928CD8260}.Release|x64.ActiveCfg = Release|Any CPU
		{8CB61723-DA87-439E-BFA0-CD1928CD8260}.Release|x64.Build.0 = Release|Any CPU
		{8CB61723-DA87-439E-BFA0-CD1928CD8260}.Release|x86.ActiveCfg = Release|Any CPU
		{8CB61723-DA87-439E-BFA0-CD1928CD8260}.Release|x86.Build.0 = Release|Any CPU
		{8A33CFD1-55A9-4028-8EFD-51B0A70F966B}.Debug|Any CPU.ActiveCfg = Debug|Any CPU
		{8A33CFD1-55A9-4028-8EFD-51B0A70F966B}.Debug|Any CPU.Build.0 = Debug|Any CPU
		{8A33CFD1-55A9-4028-8EFD-51B0A70F966B}.Debug|ARM.ActiveCfg = Debug|Any CPU
		{8A33CFD1-55A9-4028-8EFD-51B0A70F966B}.Debug|ARM.Build.0 = Debug|Any CPU
		{8A33CFD1-55A9-4028-8EFD-51B0A70F966B}.Debug|x64.ActiveCfg = Debug|Any CPU
		{8A33CFD1-55A9-4028-8EFD-51B0A70F966B}.Debug|x64.Build.0 = Debug|Any CPU
		{8A33CFD1-55A9-4028-8EFD-51B0A70F966B}.Debug|x86.ActiveCfg = Debug|Any CPU
		{8A33CFD1-55A9-4028-8EFD-51B0A70F966B}.Debug|x86.Build.0 = Debug|Any CPU
		{8A33CFD1-55A9-4028-8EFD-51B0A70F966B}.Release|Any CPU.ActiveCfg = Release|Any CPU
		{8A33CFD1-55A9-4028-8EFD-51B0A70F966B}.Release|Any CPU.Build.0 = Release|Any CPU
		{8A33CFD1-55A9-4028-8EFD-51B0A70F966B}.Release|ARM.ActiveCfg = Release|Any CPU
		{8A33CFD1-55A9-4028-8EFD-51B0A70F966B}.Release|ARM.Build.0 = Release|Any CPU
		{8A33CFD1-55A9-4028-8EFD-51B0A70F966B}.Release|x64.ActiveCfg = Release|Any CPU
		{8A33CFD1-55A9-4028-8EFD-51B0A70F966B}.Release|x64.Build.0 = Release|Any CPU
		{8A33CFD1-55A9-4028-8EFD-51B0A70F966B}.Release|x86.ActiveCfg = Release|Any CPU
		{8A33CFD1-55A9-4028-8EFD-51B0A70F966B}.Release|x86.Build.0 = Release|Any CPU
	EndGlobalSection
	GlobalSection(SolutionProperties) = preSolution
		HideSolutionNode = FALSE
	EndGlobalSection
	GlobalSection(NestedProjects) = preSolution
		{4389B305-B381-4B50-B1A8-BBB5259A0524} = {06D61B1A-A4DF-434C-AA9F-F161DEA3168C}
		{53E82AC1-DD1D-4C66-B55F-F9F4ACFB2F40} = {06D61B1A-A4DF-434C-AA9F-F161DEA3168C}
		{801A0F89-D5F6-49A6-BCEA-6624388C98A4} = {06D61B1A-A4DF-434C-AA9F-F161DEA3168C}
		{D22B5797-9F2A-4BA7-9636-6EFCE62EBE00} = {06D61B1A-A4DF-434C-AA9F-F161DEA3168C}
		{B22B0A6B-29DC-4C15-BA14-E8900F509748} = {EA8A299C-AE12-4283-AA34-E0D74F684130}
		{566025C3-39EB-401D-959E-1D6B21934738} = {EA8A299C-AE12-4283-AA34-E0D74F684130}
		{8CB61723-DA87-439E-BFA0-CD1928CD8260} = {EA8A299C-AE12-4283-AA34-E0D74F684130}
		{8A33CFD1-55A9-4028-8EFD-51B0A70F966B} = {EA8A299C-AE12-4283-AA34-E0D74F684130}
	EndGlobalSection
	GlobalSection(ExtensibilityGlobals) = postSolution
		SolutionGuid = {3153FBA3-66B9-443E-B2BD-AE31E9F98C64}
	EndGlobalSection
EndGlobal
